// !$*UTF8*$!
{
	archiveVersion = 1;
	classes = {
	};
	objectVersion = 77;
	objects = {

/* Begin PBXBuildFile section */
		5469B4B82CF28536008EDAF0 /* ai-spell-checker-safari-ext Extension.appex in Embed Foundation Extensions */ = {isa = PBXBuildFile; fileRef = 5469B4B72CF28536008EDAF0 /* ai-spell-checker-safari-ext Extension.appex */; settings = {ATTRIBUTES = (RemoveHeadersOnCopy, ); }; };
		5469B4C22CF28536008EDAF0 /* ai-spell-checker-safari-ext Extension.appex in Embed Foundation Extensions */ = {isa = PBXBuildFile; fileRef = 5469B4C12CF28536008EDAF0 /* ai-spell-checker-safari-ext Extension.appex */; settings = {ATTRIBUTES = (RemoveHeadersOnCopy, ); }; };
/* End PBXBuildFile section */

/* Begin PBXContainerItemProxy section */
		5469B4B92CF28536008EDAF0 /* PBXContainerItemProxy */ = {
			isa = PBXContainerItemProxy;
			containerPortal = 5469B47D2CF28535008EDAF0 /* Project object */;
			proxyType = 1;
			remoteGlobalIDString = 5469B4B62CF28536008EDAF0;
			remoteInfo = "ai-spell-checker-safari-ext Extension (iOS)";
		};
		5469B4C32CF28536008EDAF0 /* PBXContainerItemProxy */ = {
			isa = PBXContainerItemProxy;
			containerPortal = 5469B47D2CF28535008EDAF0 /* Project object */;
			proxyType = 1;
			remoteGlobalIDString = 5469B4C02CF28536008EDAF0;
			remoteInfo = "ai-spell-checker-safari-ext Extension (macOS)";
		};
/* End PBXContainerItemProxy section */

/* Begin PBXCopyFilesBuildPhase section */
		5469B4EB2CF28536008EDAF0 /* Embed Foundation Extensions */ = {
			isa = PBXCopyFilesBuildPhase;
			buildActionMask = 2147483647;
			dstPath = "";
			dstSubfolderSpec = 13;
			files = (
				5469B4B82CF28536008EDAF0 /* ai-spell-checker-safari-ext Extension.appex in Embed Foundation Extensions */,
			);
			name = "Embed Foundation Extensions";
			runOnlyForDeploymentPostprocessing = 0;
		};
		5469B4F52CF28536008EDAF0 /* Embed Foundation Extensions */ = {
			isa = PBXCopyFilesBuildPhase;
			buildActionMask = 2147483647;
			dstPath = "";
			dstSubfolderSpec = 13;
			files = (
				5469B4C22CF28536008EDAF0 /* ai-spell-checker-safari-ext Extension.appex in Embed Foundation Extensions */,
			);
			name = "Embed Foundation Extensions";
			runOnlyForDeploymentPostprocessing = 0;
		};
/* End PBXCopyFilesBuildPhase section */

/* Begin PBXFileReference section */
		5469B4992CF28536008EDAF0 /* ai-spell-checker-safari-ext.app */ = {isa = PBXFileReference; explicitFileType = wrapper.application; includeInIndex = 0; path = "ai-spell-checker-safari-ext.app"; sourceTree = BUILT_PRODUCTS_DIR; };
		5469B4AB2CF28536008EDAF0 /* ai-spell-checker-safari-ext.app */ = {isa = PBXFileReference; explicitFileType = wrapper.application; includeInIndex = 0; path = "ai-spell-checker-safari-ext.app"; sourceTree = BUILT_PRODUCTS_DIR; };
		5469B4B72CF28536008EDAF0 /* ai-spell-checker-safari-ext Extension.appex */ = {isa = PBXFileReference; explicitFileType = "wrapper.app-extension"; includeInIndex = 0; path = "ai-spell-checker-safari-ext Extension.appex"; sourceTree = BUILT_PRODUCTS_DIR; };
		5469B4C12CF28536008EDAF0 /* ai-spell-checker-safari-ext Extension.appex */ = {isa = PBXFileReference; explicitFileType = "wrapper.app-extension"; includeInIndex = 0; path = "ai-spell-checker-safari-ext Extension.appex"; sourceTree = BUILT_PRODUCTS_DIR; };
/* End PBXFileReference section */

/* Begin PBXFileSystemSynchronizedBuildFileExceptionSet section */
		5469B4E62CF28536008EDAF0 /* Exceptions for "Shared (App)" folder in "ai-spell-checker-safari-ext (iOS)" target */ = {
			isa = PBXFileSystemSynchronizedBuildFileExceptionSet;
			membershipExceptions = (
				"/Localized: Resources/Main.html",
				Assets.xcassets,
				Resources/Icon.png,
				Resources/Script.js,
				Resources/Style.css,
				ViewController.swift,
			);
			target = 5469B4982CF28536008EDAF0 /* ai-spell-checker-safari-ext (iOS) */;
		};
		5469B4EA2CF28536008EDAF0 /* Exceptions for "iOS (Extension)" folder in "ai-spell-checker-safari-ext Extension (iOS)" target */ = {
			isa = PBXFileSystemSynchronizedBuildFileExceptionSet;
			membershipExceptions = (
				Info.plist,
			);
			target = 5469B4B62CF28536008EDAF0 /* ai-spell-checker-safari-ext Extension (iOS) */;
		};
		5469B4EF2CF28536008EDAF0 /* Exceptions for "iOS (App)" folder in "ai-spell-checker-safari-ext (iOS)" target */ = {
			isa = PBXFileSystemSynchronizedBuildFileExceptionSet;
			membershipExceptions = (
				Info.plist,
			);
			target = 5469B4982CF28536008EDAF0 /* ai-spell-checker-safari-ext (iOS) */;
		};
		5469B4F02CF28536008EDAF0 /* Exceptions for "Shared (App)" folder in "ai-spell-checker-safari-ext (macOS)" target */ = {
			isa = PBXFileSystemSynchronizedBuildFileExceptionSet;
			membershipExceptions = (
				"/Localized: Resources/Main.html",
				Assets.xcassets,
				Resources/Icon.png,
				Resources/Script.js,
				Resources/Style.css,
				ViewController.swift,
			);
			target = 5469B4AA2CF28536008EDAF0 /* ai-spell-checker-safari-ext (macOS) */;
		};
		5469B4F42CF28536008EDAF0 /* Exceptions for "macOS (Extension)" folder in "ai-spell-checker-safari-ext Extension (macOS)" target */ = {
			isa = PBXFileSystemSynchronizedBuildFileExceptionSet;
			membershipExceptions = (
				Info.plist,
			);
			target = 5469B4C02CF28536008EDAF0 /* ai-spell-checker-safari-ext Extension (macOS) */;
		};
		5469B4F92CF28536008EDAF0 /* Exceptions for "Shared (Extension)" folder in "ai-spell-checker-safari-ext Extension (iOS)" target */ = {
			isa = PBXFileSystemSynchronizedBuildFileExceptionSet;
			membershipExceptions = (
				Resources/_locales,
				Resources/background.js,
				Resources/content.js,
				Resources/images,
				Resources/manifest.json,
				Resources/options.html,
				Resources/options.js,
				Resources/popup.css,
				Resources/popup.html,
				Resources/popup.js,
				SafariWebExtensionHandler.swift,
			);
			target = 5469B4B62CF28536008EDAF0 /* ai-spell-checker-safari-ext Extension (iOS) */;
		};
		5469B4FA2CF28536008EDAF0 /* Exceptions for "Shared (Extension)" folder in "ai-spell-checker-safari-ext Extension (macOS)" target */ = {
			isa = PBXFileSystemSynchronizedBuildFileExceptionSet;
			membershipExceptions = (
				Resources/_locales,
				Resources/background.js,
				Resources/content.js,
				Resources/images,
				Resources/manifest.json,
				Resources/options.html,
				Resources/options.js,
				Resources/popup.css,
				Resources/popup.html,
				Resources/popup.js,
				SafariWebExtensionHandler.swift,
			);
			target = 5469B4C02CF28536008EDAF0 /* ai-spell-checker-safari-ext Extension (macOS) */;
		};
/* End PBXFileSystemSynchronizedBuildFileExceptionSet section */

/* Begin PBXFileSystemSynchronizedRootGroup section */
		5469B4812CF28535008EDAF0 /* Shared (App) */ = {
			isa = PBXFileSystemSynchronizedRootGroup;
			exceptions = (
				5469B4E62CF28536008EDAF0 /* Exceptions for "Shared (App)" folder in "ai-spell-checker-safari-ext (iOS)" target */,
				5469B4F02CF28536008EDAF0 /* Exceptions for "Shared (App)" folder in "ai-spell-checker-safari-ext (macOS)" target */,
			);
			path = "Shared (App)";
			sourceTree = "<group>";
		};
		5469B48A2CF28536008EDAF0 /* Shared (Extension) */ = {
			isa = PBXFileSystemSynchronizedRootGroup;
			exceptions = (
				5469B4F92CF28536008EDAF0 /* Exceptions for "Shared (Extension)" folder in "ai-spell-checker-safari-ext Extension (iOS)" target */,
				5469B4FA2CF28536008EDAF0 /* Exceptions for "Shared (Extension)" folder in "ai-spell-checker-safari-ext Extension (macOS)" target */,
			);
			explicitFolders = (
				Resources/_locales,
				Resources/images,
			);
			path = "Shared (Extension)";
			sourceTree = "<group>";
		};
		5469B49B2CF28536008EDAF0 /* iOS (App) */ = {
			isa = PBXFileSystemSynchronizedRootGroup;
			exceptions = (
				5469B4EF2CF28536008EDAF0 /* Exceptions for "iOS (App)" folder in "ai-spell-checker-safari-ext (iOS)" target */,
			);
			path = "iOS (App)";
			sourceTree = "<group>";
		};
		5469B4AC2CF28536008EDAF0 /* macOS (App) */ = {
			isa = PBXFileSystemSynchronizedRootGroup;
			path = "macOS (App)";
			sourceTree = "<group>";
		};
		5469B4BB2CF28536008EDAF0 /* iOS (Extension) */ = {
			isa = PBXFileSystemSynchronizedRootGroup;
			exceptions = (
				5469B4EA2CF28536008EDAF0 /* Exceptions for "iOS (Extension)" folder in "ai-spell-checker-safari-ext Extension (iOS)" target */,
			);
			path = "iOS (Extension)";
			sourceTree = "<group>";
		};
		5469B4C52CF28536008EDAF0 /* macOS (Extension) */ = {
			isa = PBXFileSystemSynchronizedRootGroup;
			exceptions = (
				5469B4F42CF28536008EDAF0 /* Exceptions for "macOS (Extension)" folder in "ai-spell-checker-safari-ext Extension (macOS)" target */,
			);
			path = "macOS (Extension)";
			sourceTree = "<group>";
		};
/* End PBXFileSystemSynchronizedRootGroup section */

/* Begin PBXFrameworksBuildPhase section */
		5469B4962CF28536008EDAF0 /* Frameworks */ = {
			isa = PBXFrameworksBuildPhase;
			buildActionMask = 2147483647;
			files = (
			);
			runOnlyForDeploymentPostprocessing = 0;
		};
		5469B4A82CF28536008EDAF0 /* Frameworks */ = {
			isa = PBXFrameworksBuildPhase;
			buildActionMask = 2147483647;
			files = (
			);
			runOnlyForDeploymentPostprocessing = 0;
		};
		5469B4B42CF28536008EDAF0 /* Frameworks */ = {
			isa = PBXFrameworksBuildPhase;
			buildActionMask = 2147483647;
			files = (
			);
			runOnlyForDeploymentPostprocessing = 0;
		};
		5469B4BE2CF28536008EDAF0 /* Frameworks */ = {
			isa = PBXFrameworksBuildPhase;
			buildActionMask = 2147483647;
			files = (
			);
			runOnlyForDeploymentPostprocessing = 0;
		};
/* End PBXFrameworksBuildPhase section */

/* Begin PBXGroup section */
		5469B47C2CF28535008EDAF0 = {
			isa = PBXGroup;
			children = (
				5469B4812CF28535008EDAF0 /* Shared (App) */,
				5469B48A2CF28536008EDAF0 /* Shared (Extension) */,
				5469B49B2CF28536008EDAF0 /* iOS (App) */,
				5469B4AC2CF28536008EDAF0 /* macOS (App) */,
				5469B4BB2CF28536008EDAF0 /* iOS (Extension) */,
				5469B4C52CF28536008EDAF0 /* macOS (Extension) */,
				5469B49A2CF28536008EDAF0 /* Products */,
			);
			sourceTree = "<group>";
		};
		5469B49A2CF28536008EDAF0 /* Products */ = {
			isa = PBXGroup;
			children = (
				5469B4992CF28536008EDAF0 /* ai-spell-checker-safari-ext.app */,
				5469B4AB2CF28536008EDAF0 /* ai-spell-checker-safari-ext.app */,
				5469B4B72CF28536008EDAF0 /* ai-spell-checker-safari-ext Extension.appex */,
				5469B4C12CF28536008EDAF0 /* ai-spell-checker-safari-ext Extension.appex */,
			);
			name = Products;
			sourceTree = "<group>";
		};
/* End PBXGroup section */

/* Begin PBXNativeTarget section */
		5469B4982CF28536008EDAF0 /* ai-spell-checker-safari-ext (iOS) */ = {
			isa = PBXNativeTarget;
			buildConfigurationList = 5469B4EC2CF28536008EDAF0 /* Build configuration list for PBXNativeTarget "ai-spell-checker-safari-ext (iOS)" */;
			buildPhases = (
				5469B4952CF28536008EDAF0 /* Sources */,
				5469B4962CF28536008EDAF0 /* Frameworks */,
				5469B4972CF28536008EDAF0 /* Resources */,
				5469B4EB2CF28536008EDAF0 /* Embed Foundation Extensions */,
			);
			buildRules = (
			);
			dependencies = (
				5469B4BA2CF28536008EDAF0 /* PBXTargetDependency */,
			);
			fileSystemSynchronizedGroups = (
				5469B49B2CF28536008EDAF0 /* iOS (App) */,
			);
			name = "ai-spell-checker-safari-ext (iOS)";
			packageProductDependencies = (
			);
			productName = "ai-spell-checker-safari-ext (iOS)";
			productReference = 5469B4992CF28536008EDAF0 /* ai-spell-checker-safari-ext.app */;
			productType = "com.apple.product-type.application";
		};
		5469B4AA2CF28536008EDAF0 /* ai-spell-checker-safari-ext (macOS) */ = {
			isa = PBXNativeTarget;
			buildConfigurationList = 5469B4F62CF28536008EDAF0 /* Build configuration list for PBXNativeTarget "ai-spell-checker-safari-ext (macOS)" */;
			buildPhases = (
				5469B4A72CF28536008EDAF0 /* Sources */,
				5469B4A82CF28536008EDAF0 /* Frameworks */,
				5469B4A92CF28536008EDAF0 /* Resources */,
				5469B4F52CF28536008EDAF0 /* Embed Foundation Extensions */,
			);
			buildRules = (
			);
			dependencies = (
				5469B4C42CF28536008EDAF0 /* PBXTargetDependency */,
			);
			fileSystemSynchronizedGroups = (
				5469B4AC2CF28536008EDAF0 /* macOS (App) */,
			);
			name = "ai-spell-checker-safari-ext (macOS)";
			packageProductDependencies = (
			);
			productName = "ai-spell-checker-safari-ext (macOS)";
			productReference = 5469B4AB2CF28536008EDAF0 /* ai-spell-checker-safari-ext.app */;
			productType = "com.apple.product-type.application";
		};
		5469B4B62CF28536008EDAF0 /* ai-spell-checker-safari-ext Extension (iOS) */ = {
			isa = PBXNativeTarget;
			buildConfigurationList = 5469B4E72CF28536008EDAF0 /* Build configuration list for PBXNativeTarget "ai-spell-checker-safari-ext Extension (iOS)" */;
			buildPhases = (
				5469B4B32CF28536008EDAF0 /* Sources */,
				5469B4B42CF28536008EDAF0 /* Frameworks */,
				5469B4B52CF28536008EDAF0 /* Resources */,
			);
			buildRules = (
			);
			dependencies = (
			);
			fileSystemSynchronizedGroups = (
				5469B4BB2CF28536008EDAF0 /* iOS (Extension) */,
			);
			name = "ai-spell-checker-safari-ext Extension (iOS)";
			packageProductDependencies = (
			);
			productName = "ai-spell-checker-safari-ext Extension (iOS)";
			productReference = 5469B4B72CF28536008EDAF0 /* ai-spell-checker-safari-ext Extension.appex */;
			productType = "com.apple.product-type.app-extension";
		};
		5469B4C02CF28536008EDAF0 /* ai-spell-checker-safari-ext Extension (macOS) */ = {
			isa = PBXNativeTarget;
			buildConfigurationList = 5469B4F12CF28536008EDAF0 /* Build configuration list for PBXNativeTarget "ai-spell-checker-safari-ext Extension (macOS)" */;
			buildPhases = (
				5469B4BD2CF28536008EDAF0 /* Sources */,
				5469B4BE2CF28536008EDAF0 /* Frameworks */,
				5469B4BF2CF28536008EDAF0 /* Resources */,
			);
			buildRules = (
			);
			dependencies = (
			);
			fileSystemSynchronizedGroups = (
				5469B4C52CF28536008EDAF0 /* macOS (Extension) */,
			);
			name = "ai-spell-checker-safari-ext Extension (macOS)";
			packageProductDependencies = (
			);
			productName = "ai-spell-checker-safari-ext Extension (macOS)";
			productReference = 5469B4C12CF28536008EDAF0 /* ai-spell-checker-safari-ext Extension.appex */;
			productType = "com.apple.product-type.app-extension";
		};
/* End PBXNativeTarget section */

/* Begin PBXProject section */
		5469B47D2CF28535008EDAF0 /* Project object */ = {
			isa = PBXProject;
			attributes = {
				BuildIndependentTargetsInParallel = 1;
				LastSwiftUpdateCheck = 1610;
				LastUpgradeCheck = 1610;
				TargetAttributes = {
					5469B4982CF28536008EDAF0 = {
						CreatedOnToolsVersion = 16.1;
					};
					5469B4AA2CF28536008EDAF0 = {
						CreatedOnToolsVersion = 16.1;
					};
					5469B4B62CF28536008EDAF0 = {
						CreatedOnToolsVersion = 16.1;
					};
					5469B4C02CF28536008EDAF0 = {
						CreatedOnToolsVersion = 16.1;
					};
				};
			};
			buildConfigurationList = 5469B4802CF28535008EDAF0 /* Build configuration list for PBXProject "ai-spell-checker-safari-ext" */;
			developmentRegion = en;
			hasScannedForEncodings = 0;
			knownRegions = (
				en,
				Base,
			);
			mainGroup = 5469B47C2CF28535008EDAF0;
			minimizedProjectReferenceProxies = 1;
			preferredProjectObjectVersion = 77;
			productRefGroup = 5469B49A2CF28536008EDAF0 /* Products */;
			projectDirPath = "";
			projectRoot = "";
			targets = (
				5469B4982CF28536008EDAF0 /* ai-spell-checker-safari-ext (iOS) */,
				5469B4AA2CF28536008EDAF0 /* ai-spell-checker-safari-ext (macOS) */,
				5469B4B62CF28536008EDAF0 /* ai-spell-checker-safari-ext Extension (iOS) */,
				5469B4C02CF28536008EDAF0 /* ai-spell-checker-safari-ext Extension (macOS) */,
			);
		};
/* End PBXProject section */

/* Begin PBXResourcesBuildPhase section */
		5469B4972CF28536008EDAF0 /* Resources */ = {
			isa = PBXResourcesBuildPhase;
			buildActionMask = 2147483647;
			files = (
			);
			runOnlyForDeploymentPostprocessing = 0;
		};
		5469B4A92CF28536008EDAF0 /* Resources */ = {
			isa = PBXResourcesBuildPhase;
			buildActionMask = 2147483647;
			files = (
			);
			runOnlyForDeploymentPostprocessing = 0;
		};
		5469B4B52CF28536008EDAF0 /* Resources */ = {
			isa = PBXResourcesBuildPhase;
			buildActionMask = 2147483647;
			files = (
			);
			runOnlyForDeploymentPostprocessing = 0;
		};
		5469B4BF2CF28536008EDAF0 /* Resources */ = {
			isa = PBXResourcesBuildPhase;
			buildActionMask = 2147483647;
			files = (
			);
			runOnlyForDeploymentPostprocessing = 0;
		};
/* End PBXResourcesBuildPhase section */

/* Begin PBXSourcesBuildPhase section */
		5469B4952CF28536008EDAF0 /* Sources */ = {
			isa = PBXSourcesBuildPhase;
			buildActionMask = 2147483647;
			files = (
			);
			runOnlyForDeploymentPostprocessing = 0;
		};
		5469B4A72CF28536008EDAF0 /* Sources */ = {
			isa = PBXSourcesBuildPhase;
			buildActionMask = 2147483647;
			files = (
			);
			runOnlyForDeploymentPostprocessing = 0;
		};
		5469B4B32CF28536008EDAF0 /* Sources */ = {
			isa = PBXSourcesBuildPhase;
			buildActionMask = 2147483647;
			files = (
			);
			runOnlyForDeploymentPostprocessing = 0;
		};
		5469B4BD2CF28536008EDAF0 /* Sources */ = {
			isa = PBXSourcesBuildPhase;
			buildActionMask = 2147483647;
			files = (
			);
			runOnlyForDeploymentPostprocessing = 0;
		};
/* End PBXSourcesBuildPhase section */

/* Begin PBXTargetDependency section */
		5469B4BA2CF28536008EDAF0 /* PBXTargetDependency */ = {
			isa = PBXTargetDependency;
			target = 5469B4B62CF28536008EDAF0 /* ai-spell-checker-safari-ext Extension (iOS) */;
			targetProxy = 5469B4B92CF28536008EDAF0 /* PBXContainerItemProxy */;
		};
		5469B4C42CF28536008EDAF0 /* PBXTargetDependency */ = {
			isa = PBXTargetDependency;
			target = 5469B4C02CF28536008EDAF0 /* ai-spell-checker-safari-ext Extension (macOS) */;
			targetProxy = 5469B4C32CF28536008EDAF0 /* PBXContainerItemProxy */;
		};
/* End PBXTargetDependency section */

/* Begin XCBuildConfiguration section */
		5469B4E82CF28536008EDAF0 /* Debug */ = {
			isa = XCBuildConfiguration;
			buildSettings = {
				CODE_SIGN_STYLE = Automatic;
				CURRENT_PROJECT_VERSION = 1;
				GENERATE_INFOPLIST_FILE = YES;
				INFOPLIST_FILE = "iOS (Extension)/Info.plist";
				INFOPLIST_KEY_CFBundleDisplayName = "ai-spell-checker-safari-ext Extension";
				INFOPLIST_KEY_NSHumanReadableCopyright = "";
				IPHONEOS_DEPLOYMENT_TARGET = 15.0;
				LD_RUNPATH_SEARCH_PATHS = (
					"$(inherited)",
					"@executable_path/Frameworks",
					"@executable_path/../../Frameworks",
				);
				MARKETING_VERSION = 1.0;
				OTHER_LDFLAGS = (
					"-framework",
					SafariServices,
				);
				PRODUCT_BUNDLE_IDENTIFIER = "sabee.ai-spell-checker-safari-ext.Extension";
				PRODUCT_NAME = "ai-spell-checker-safari-ext Extension";
				SDKROOT = iphoneos;
				SKIP_INSTALL = YES;
				SWIFT_EMIT_LOC_STRINGS = YES;
				SWIFT_VERSION = 5.0;
				TARGETED_DEVICE_FAMILY = "1,2";
			};
			name = Debug;
		};
		5469B4E92CF28536008EDAF0 /* Release */ = {
			isa = XCBuildConfiguration;
			buildSettings = {
				CODE_SIGN_STYLE = Automatic;
				CURRENT_PROJECT_VERSION = 1;
				GENERATE_INFOPLIST_FILE = YES;
				INFOPLIST_FILE = "iOS (Extension)/Info.plist";
				INFOPLIST_KEY_CFBundleDisplayName = "ai-spell-checker-safari-ext Extension";
				INFOPLIST_KEY_NSHumanReadableCopyright = "";
				IPHONEOS_DEPLOYMENT_TARGET = 15.0;
				LD_RUNPATH_SEARCH_PATHS = (
					"$(inherited)",
					"@executable_path/Frameworks",
					"@executable_path/../../Frameworks",
				);
				MARKETING_VERSION = 1.0;
				OTHER_LDFLAGS = (
					"-framework",
					SafariServices,
				);
				PRODUCT_BUNDLE_IDENTIFIER = "sabee.ai-spell-checker-safari-ext.Extension";
				PRODUCT_NAME = "ai-spell-checker-safari-ext Extension";
				SDKROOT = iphoneos;
				SKIP_INSTALL = YES;
				SWIFT_EMIT_LOC_STRINGS = YES;
				SWIFT_VERSION = 5.0;
				TARGETED_DEVICE_FAMILY = "1,2";
				VALIDATE_PRODUCT = YES;
			};
			name = Release;
		};
		5469B4ED2CF28536008EDAF0 /* Debug */ = {
			isa = XCBuildConfiguration;
			buildSettings = {
				ASSETCATALOG_COMPILER_APPICON_NAME = AppIcon;
				ASSETCATALOG_COMPILER_GLOBAL_ACCENT_COLOR_NAME = AccentColor;
				CODE_SIGN_STYLE = Automatic;
				CURRENT_PROJECT_VERSION = 1;
				GENERATE_INFOPLIST_FILE = YES;
				INFOPLIST_FILE = "iOS (App)/Info.plist";
				INFOPLIST_KEY_CFBundleDisplayName = "ai-spell-checker-safari-ext";
				INFOPLIST_KEY_UIApplicationSupportsIndirectInputEvents = YES;
				INFOPLIST_KEY_UILaunchStoryboardName = LaunchScreen;
				INFOPLIST_KEY_UIMainStoryboardFile = Main;
				INFOPLIST_KEY_UISupportedInterfaceOrientations = "UIInterfaceOrientationPortrait UIInterfaceOrientationLandscapeLeft UIInterfaceOrientationLandscapeRight";
				INFOPLIST_KEY_UISupportedInterfaceOrientations_iPad = "UIInterfaceOrientationPortrait UIInterfaceOrientationPortraitUpsideDown UIInterfaceOrientationLandscapeLeft UIInterfaceOrientationLandscapeRight";
				IPHONEOS_DEPLOYMENT_TARGET = 15.0;
				LD_RUNPATH_SEARCH_PATHS = (
					"$(inherited)",
					"@executable_path/Frameworks",
				);
				MARKETING_VERSION = 1.0;
				OTHER_LDFLAGS = (
					"-framework",
					SafariServices,
					"-framework",
					WebKit,
				);
				PRODUCT_BUNDLE_IDENTIFIER = "sabee.ai-spell-checker-safari-ext";
				PRODUCT_NAME = "ai-spell-checker-safari-ext";
				SDKROOT = iphoneos;
				SWIFT_EMIT_LOC_STRINGS = YES;
				SWIFT_VERSION = 5.0;
				TARGETED_DEVICE_FAMILY = "1,2";
			};
			name = Debug;
		};
		5469B4EE2CF28536008EDAF0 /* Release */ = {
			isa = XCBuildConfiguration;
			buildSettings = {
				ASSETCATALOG_COMPILER_APPICON_NAME = AppIcon;
				ASSETCATALOG_COMPILER_GLOBAL_ACCENT_COLOR_NAME = AccentColor;
				CODE_SIGN_STYLE = Automatic;
				CURRENT_PROJECT_VERSION = 1;
				GENERATE_INFOPLIST_FILE = YES;
				INFOPLIST_FILE = "iOS (App)/Info.plist";
				INFOPLIST_KEY_CFBundleDisplayName = "ai-spell-checker-safari-ext";
				INFOPLIST_KEY_UIApplicationSupportsIndirectInputEvents = YES;
				INFOPLIST_KEY_UILaunchStoryboardName = LaunchScreen;
				INFOPLIST_KEY_UIMainStoryboardFile = Main;
				INFOPLIST_KEY_UISupportedInterfaceOrientations = "UIInterfaceOrientationPortrait UIInterfaceOrientationLandscapeLeft UIInterfaceOrientationLandscapeRight";
				INFOPLIST_KEY_UISupportedInterfaceOrientations_iPad = "UIInterfaceOrientationPortrait UIInterfaceOrientationPortraitUpsideDown UIInterfaceOrientationLandscapeLeft UIInterfaceOrientationLandscapeRight";
				IPHONEOS_DEPLOYMENT_TARGET = 15.0;
				LD_RUNPATH_SEARCH_PATHS = (
					"$(inherited)",
					"@executable_path/Frameworks",
				);
				MARKETING_VERSION = 1.0;
				OTHER_LDFLAGS = (
					"-framework",
					SafariServices,
					"-framework",
					WebKit,
				);
				PRODUCT_BUNDLE_IDENTIFIER = "sabee.ai-spell-checker-safari-ext";
				PRODUCT_NAME = "ai-spell-checker-safari-ext";
				SDKROOT = iphoneos;
				SWIFT_EMIT_LOC_STRINGS = YES;
				SWIFT_VERSION = 5.0;
				TARGETED_DEVICE_FAMILY = "1,2";
				VALIDATE_PRODUCT = YES;
			};
			name = Release;
		};
		5469B4F22CF28536008EDAF0 /* Debug */ = {
			isa = XCBuildConfiguration;
			buildSettings = {
				CODE_SIGN_ENTITLEMENTS = "macOS (Extension)/ai-spell-checker-safari-ext.entitlements";
				CODE_SIGN_STYLE = Automatic;
				CURRENT_PROJECT_VERSION = 1;
				ENABLE_HARDENED_RUNTIME = YES;
				GENERATE_INFOPLIST_FILE = YES;
				INFOPLIST_FILE = "macOS (Extension)/Info.plist";
				INFOPLIST_KEY_CFBundleDisplayName = "ai-spell-checker-safari-ext Extension";
				INFOPLIST_KEY_NSHumanReadableCopyright = "";
				LD_RUNPATH_SEARCH_PATHS = (
					"$(inherited)",
					"@executable_path/../Frameworks",
					"@executable_path/../../../../Frameworks",
				);
				MACOSX_DEPLOYMENT_TARGET = 10.14;
				MARKETING_VERSION = 1.0;
				OTHER_LDFLAGS = (
					"-framework",
					SafariServices,
				);
				PRODUCT_BUNDLE_IDENTIFIER = "sabee.ai-spell-checker-safari-ext.Extension";
				PRODUCT_NAME = "ai-spell-checker-safari-ext Extension";
				SDKROOT = macosx;
				SKIP_INSTALL = YES;
				SWIFT_EMIT_LOC_STRINGS = YES;
				SWIFT_VERSION = 5.0;
			};
			name = Debug;
		};
		5469B4F32CF28536008EDAF0 /* Release */ = {
			isa = XCBuildConfiguration;
			buildSettings = {
				CODE_SIGN_ENTITLEMENTS = "macOS (Extension)/ai-spell-checker-safari-ext.entitlements";
				CODE_SIGN_STYLE = Automatic;
				CURRENT_PROJECT_VERSION = 1;
				ENABLE_HARDENED_RUNTIME = YES;
				GENERATE_INFOPLIST_FILE = YES;
				INFOPLIST_FILE = "macOS (Extension)/Info.plist";
				INFOPLIST_KEY_CFBundleDisplayName = "ai-spell-checker-safari-ext Extension";
				INFOPLIST_KEY_NSHumanReadableCopyright = "";
				LD_RUNPATH_SEARCH_PATHS = (
					"$(inherited)",
					"@executable_path/../Frameworks",
					"@executable_path/../../../../Frameworks",
				);
				MACOSX_DEPLOYMENT_TARGET = 10.14;
				MARKETING_VERSION = 1.0;
				OTHER_LDFLAGS = (
					"-framework",
					SafariServices,
				);
				PRODUCT_BUNDLE_IDENTIFIER = "sabee.ai-spell-checker-safari-ext.Extension";
				PRODUCT_NAME = "ai-spell-checker-safari-ext Extension";
				SDKROOT = macosx;
				SKIP_INSTALL = YES;
				SWIFT_EMIT_LOC_STRINGS = YES;
				SWIFT_VERSION = 5.0;
			};
			name = Release;
		};
		5469B4F72CF28536008EDAF0 /* Debug */ = {
			isa = XCBuildConfiguration;
			buildSettings = {
				ASSETCATALOG_COMPILER_APPICON_NAME = AppIcon;
				ASSETCATALOG_COMPILER_GLOBAL_ACCENT_COLOR_NAME = AccentColor;
				CODE_SIGN_ENTITLEMENTS = "macOS (App)/ai-spell-checker-safari-ext.entitlements";
				CODE_SIGN_STYLE = Automatic;
				CURRENT_PROJECT_VERSION = 1;
				ENABLE_HARDENED_RUNTIME = YES;
				GENERATE_INFOPLIST_FILE = YES;
				INFOPLIST_KEY_CFBundleDisplayName = "ai-spell-checker-safari-ext";
				INFOPLIST_KEY_NSMainStoryboardFile = Main;
				INFOPLIST_KEY_NSPrincipalClass = NSApplication;
				LD_RUNPATH_SEARCH_PATHS = (
					"$(inherited)",
					"@executable_path/../Frameworks",
				);
				MACOSX_DEPLOYMENT_TARGET = 10.14;
				MARKETING_VERSION = 1.0;
				OTHER_LDFLAGS = (
					"-framework",
					SafariServices,
					"-framework",
					WebKit,
				);
				PRODUCT_BUNDLE_IDENTIFIER = "sabee.ai-spell-checker-safari-ext";
				PRODUCT_NAME = "ai-spell-checker-safari-ext";
				SDKROOT = macosx;
				SWIFT_EMIT_LOC_STRINGS = YES;
				SWIFT_VERSION = 5.0;
			};
			name = Debug;
		};
		5469B4F82CF28536008EDAF0 /* Release */ = {
			isa = XCBuildConfiguration;
			buildSettings = {
				ASSETCATALOG_COMPILER_APPICON_NAME = AppIcon;
				ASSETCATALOG_COMPILER_GLOBAL_ACCENT_COLOR_NAME = AccentColor;
				CODE_SIGN_ENTITLEMENTS = "macOS (App)/ai-spell-checker-safari-ext.entitlements";
				CODE_SIGN_STYLE = Automatic;
				CURRENT_PROJECT_VERSION = 1;
				ENABLE_HARDENED_RUNTIME = YES;
				GENERATE_INFOPLIST_FILE = YES;
				INFOPLIST_KEY_CFBundleDisplayName = "ai-spell-checker-safari-ext";
				INFOPLIST_KEY_NSMainStoryboardFile = Main;
				INFOPLIST_KEY_NSPrincipalClass = NSApplication;
				LD_RUNPATH_SEARCH_PATHS = (
					"$(inherited)",
					"@executable_path/../Frameworks",
				);
				MACOSX_DEPLOYMENT_TARGET = 10.14;
				MARKETING_VERSION = 1.0;
				OTHER_LDFLAGS = (
					"-framework",
					SafariServices,
					"-framework",
					WebKit,
				);
				PRODUCT_BUNDLE_IDENTIFIER = "sabee.ai-spell-checker-safari-ext";
				PRODUCT_NAME = "ai-spell-checker-safari-ext";
				SDKROOT = macosx;
				SWIFT_EMIT_LOC_STRINGS = YES;
				SWIFT_VERSION = 5.0;
			};
			name = Release;
		};
		5469B4FB2CF28536008EDAF0 /* Debug */ = {
			isa = XCBuildConfiguration;
			buildSettings = {
				ALWAYS_SEARCH_USER_PATHS = NO;
				ASSETCATALOG_COMPILER_GENERATE_SWIFT_ASSET_SYMBOL_EXTENSIONS = YES;
				CLANG_ANALYZER_NONNULL = YES;
				CLANG_ANALYZER_NUMBER_OBJECT_CONVERSION = YES_AGGRESSIVE;
				CLANG_CXX_LANGUAGE_STANDARD = "gnu++20";
				CLANG_ENABLE_MODULES = YES;
				CLANG_ENABLE_OBJC_ARC = YES;
				CLANG_ENABLE_OBJC_WEAK = YES;
				CLANG_WARN_BLOCK_CAPTURE_AUTORELEASING = YES;
				CLANG_WARN_BOOL_CONVERSION = YES;
				CLANG_WARN_COMMA = YES;
				CLANG_WARN_CONSTANT_CONVERSION = YES;
				CLANG_WARN_DEPRECATED_OBJC_IMPLEMENTATIONS = YES;
				CLANG_WARN_DIRECT_OBJC_ISA_USAGE = YES_ERROR;
				CLANG_WARN_DOCUMENTATION_COMMENTS = YES;
				CLANG_WARN_EMPTY_BODY = YES;
				CLANG_WARN_ENUM_CONVERSION = YES;
				CLANG_WARN_INFINITE_RECURSION = YES;
				CLANG_WARN_INT_CONVERSION = YES;
				CLANG_WARN_NON_LITERAL_NULL_CONVERSION = YES;
				CLANG_WARN_OBJC_IMPLICIT_RETAIN_SELF = YES;
				CLANG_WARN_OBJC_LITERAL_CONVERSION = YES;
				CLANG_WARN_OBJC_ROOT_CLASS = YES_ERROR;
				CLANG_WARN_QUOTED_INCLUDE_IN_FRAMEWORK_HEADER = YES;
				CLANG_WARN_RANGE_LOOP_ANALYSIS = YES;
				CLANG_WARN_STRICT_PROTOTYPES = YES;
				CLANG_WARN_SUSPICIOUS_MOVE = YES;
				CLANG_WARN_UNGUARDED_AVAILABILITY = YES_AGGRESSIVE;
				CLANG_WARN_UNREACHABLE_CODE = YES;
				CLANG_WARN__DUPLICATE_METHOD_MATCH = YES;
				COPY_PHASE_STRIP = NO;
				DEBUG_INFORMATION_FORMAT = dwarf;
				ENABLE_STRICT_OBJC_MSGSEND = YES;
				ENABLE_TESTABILITY = YES;
				ENABLE_USER_SCRIPT_SANDBOXING = YES;
				GCC_C_LANGUAGE_STANDARD = gnu17;
				GCC_DYNAMIC_NO_PIC = NO;
				GCC_NO_COMMON_BLOCKS = YES;
				GCC_OPTIMIZATION_LEVEL = 0;
				GCC_PREPROCESSOR_DEFINITIONS = (
					"DEBUG=1",
					"$(inherited)",
				);
				GCC_WARN_64_TO_32_BIT_CONVERSION = YES;
				GCC_WARN_ABOUT_RETURN_TYPE = YES_ERROR;
				GCC_WARN_UNDECLARED_SELECTOR = YES;
				GCC_WARN_UNINITIALIZED_AUTOS = YES_AGGRESSIVE;
				GCC_WARN_UNUSED_FUNCTION = YES;
				GCC_WARN_UNUSED_VARIABLE = YES;
				LOCALIZATION_PREFERS_STRING_CATALOGS = YES;
				MTL_ENABLE_DEBUG_INFO = INCLUDE_SOURCE;
				MTL_FAST_MATH = YES;
				ONLY_ACTIVE_ARCH = YES;
				SWIFT_ACTIVE_COMPILATION_CONDITIONS = "DEBUG $(inherited)";
				SWIFT_OPTIMIZATION_LEVEL = "-Onone";
			};
			name = Debug;
		};
		5469B4FC2CF28536008EDAF0 /* Release */ = {
			isa = XCBuildConfiguration;
			buildSettings = {
				ALWAYS_SEARCH_USER_PATHS = NO;
				ASSETCATALOG_COMPILER_GENERATE_SWIFT_ASSET_SYMBOL_EXTENSIONS = YES;
				CLANG_ANALYZER_NONNULL = YES;
				CLANG_ANALYZER_NUMBER_OBJECT_CONVERSION = YES_AGGRESSIVE;
				CLANG_CXX_LANGUAGE_STANDARD = "gnu++20";
				CLANG_ENABLE_MODULES = YES;
				CLANG_ENABLE_OBJC_ARC = YES;
				CLANG_ENABLE_OBJC_WEAK = YES;
				CLANG_WARN_BLOCK_CAPTURE_AUTORELEASING = YES;
				CLANG_WARN_BOOL_CONVERSION = YES;
				CLANG_WARN_COMMA = YES;
				CLANG_WARN_CONSTANT_CONVERSION = YES;
				CLANG_WARN_DEPRECATED_OBJC_IMPLEMENTATIONS = YES;
				CLANG_WARN_DIRECT_OBJC_ISA_USAGE = YES_ERROR;
				CLANG_WARN_DOCUMENTATION_COMMENTS = YES;
				CLANG_WARN_EMPTY_BODY = YES;
				CLANG_WARN_ENUM_CONVERSION = YES;
				CLANG_WARN_INFINITE_RECURSION = YES;
				CLANG_WARN_INT_CONVERSION = YES;
				CLANG_WARN_NON_LITERAL_NULL_CONVERSION = YES;
				CLANG_WARN_OBJC_IMPLICIT_RETAIN_SELF = YES;
				CLANG_WARN_OBJC_LITERAL_CONVERSION = YES;
				CLANG_WARN_OBJC_ROOT_CLASS = YES_ERROR;
				CLANG_WARN_QUOTED_INCLUDE_IN_FRAMEWORK_HEADER = YES;
				CLANG_WARN_RANGE_LOOP_ANALYSIS = YES;
				CLANG_WARN_STRICT_PROTOTYPES = YES;
				CLANG_WARN_SUSPICIOUS_MOVE = YES;
				CLANG_WARN_UNGUARDED_AVAILABILITY = YES_AGGRESSIVE;
				CLANG_WARN_UNREACHABLE_CODE = YES;
				CLANG_WARN__DUPLICATE_METHOD_MATCH = YES;
				COPY_PHASE_STRIP = NO;
				DEBUG_INFORMATION_FORMAT = "dwarf-with-dsym";
				ENABLE_NS_ASSERTIONS = NO;
				ENABLE_STRICT_OBJC_MSGSEND = YES;
				ENABLE_USER_SCRIPT_SANDBOXING = YES;
				GCC_C_LANGUAGE_STANDARD = gnu17;
				GCC_NO_COMMON_BLOCKS = YES;
				GCC_WARN_64_TO_32_BIT_CONVERSION = YES;
				GCC_WARN_ABOUT_RETURN_TYPE = YES_ERROR;
				GCC_WARN_UNDECLARED_SELECTOR = YES;
				GCC_WARN_UNINITIALIZED_AUTOS = YES_AGGRESSIVE;
				GCC_WARN_UNUSED_FUNCTION = YES;
				GCC_WARN_UNUSED_VARIABLE = YES;
				LOCALIZATION_PREFERS_STRING_CATALOGS = YES;
				MTL_ENABLE_DEBUG_INFO = NO;
				MTL_FAST_MATH = YES;
				SWIFT_COMPILATION_MODE = wholemodule;
			};
			name = Release;
		};
/* End XCBuildConfiguration section */

/* Begin XCConfigurationList section */
		5469B4802CF28535008EDAF0 /* Build configuration list for PBXProject "ai-spell-checker-safari-ext" */ = {
			isa = XCConfigurationList;
			buildConfigurations = (
				5469B4FB2CF28536008EDAF0 /* Debug */,
				5469B4FC2CF28536008EDAF0 /* Release */,
			);
			defaultConfigurationIsVisible = 0;
			defaultConfigurationName = Release;
		};
		5469B4E72CF28536008EDAF0 /* Build configuration list for PBXNativeTarget "ai-spell-checker-safari-ext Extension (iOS)" */ = {
			isa = XCConfigurationList;
			buildConfigurations = (
				5469B4E82CF28536008EDAF0 /* Debug */,
				5469B4E92CF28536008EDAF0 /* Release */,
			);
			defaultConfigurationIsVisible = 0;
			defaultConfigurationName = Release;
		};
		5469B4EC2CF28536008EDAF0 /* Build configuration list for PBXNativeTarget "ai-spell-checker-safari-ext (iOS)" */ = {
			isa = XCConfigurationList;
			buildConfigurations = (
				5469B4ED2CF28536008EDAF0 /* Debug */,
				5469B4EE2CF28536008EDAF0 /* Release */,
			);
			defaultConfigurationIsVisible = 0;
			defaultConfigurationName = Release;
		};
		5469B4F12CF28536008EDAF0 /* Build configuration list for PBXNativeTarget "ai-spell-checker-safari-ext Extension (macOS)" */ = {
			isa = XCConfigurationList;
			buildConfigurations = (
				5469B4F22CF28536008EDAF0 /* Debug */,
				5469B4F32CF28536008EDAF0 /* Release */,
			);
			defaultConfigurationIsVisible = 0;
			defaultConfigurationName = Release;
		};
		5469B4F62CF28536008EDAF0 /* Build configuration list for PBXNativeTarget "ai-spell-checker-safari-ext (macOS)" */ = {
			isa = XCConfigurationList;
			buildConfigurations = (
				5469B4F72CF28536008EDAF0 /* Debug */,
				5469B4F82CF28536008EDAF0 /* Release */,
			);
			defaultConfigurationIsVisible = 0;
			defaultConfigurationName = Release;
		};
/* End XCConfigurationList section */
	};
	rootObject = 5469B47D2CF28535008EDAF0 /* Project object */;
}
